
Microsoft Visual Studio Solution File, Format Version 12.00
# Visual Studio Version 16
VisualStudioVersion = 16.0.30413.136
MinimumVisualStudioVersion = 10.0.40219.1
Project("{9A19103F-16F7-4668-BE54-9A1E7A4F7556}") = "librarySP", "librarySP\librarySP.csproj", "{65B7A887-11C9-4B84-98E7-6F13426442E2}"
EndProject
Project("{9A19103F-16F7-4668-BE54-9A1E7A4F7556}") = "DataLayer", "DataLayer\DataLayer.csproj", "{A14879D0-9256-42A3-AB63-03E764A8AC2D}"
EndProject
Project("{9A19103F-16F7-4668-BE54-9A1E7A4F7556}") = "BusinessLayer", "BusinessLayer\BusinessLayer.csproj", "{DAA82B29-9C24-406F-8D7F-30DD61A4C2D5}"
EndProject
Project("{9A19103F-16F7-4668-BE54-9A1E7A4F7556}") = "Parser", "Parser\Parser.csproj", "{4C3FE69E-387E-4C7E-8AD2-86FB1FCD442E}"
EndProject
Project("{FAE04EC0-301F-11D3-BF4B-00C04F79EFBC}") = "ExtensionMethods", "ExtensionMethods\ExtensionMethods.csproj", "{5BBDCE80-ED00-4DA4-B4DC-A0A5E2758C6A}"
EndProject
Global
	GlobalSection(SolutionConfigurationPlatforms) = preSolution
		Debug|Any CPU = Debug|Any CPU
		Release|Any CPU = Release|Any CPU
	EndGlobalSection
	GlobalSection(ProjectConfigurationPlatforms) = postSolution
		{65B7A887-11C9-4B84-98E7-6F13426442E2}.Debug|Any CPU.ActiveCfg = Debug|Any CPU
		{65B7A887-11C9-4B84-98E7-6F13426442E2}.Debug|Any CPU.Build.0 = Debug|Any CPU
		{65B7A887-11C9-4B84-98E7-6F13426442E2}.Release|Any CPU.ActiveCfg = Release|Any CPU
		{65B7A887-11C9-4B84-98E7-6F13426442E2}.Release|Any CPU.Build.0 = Release|Any CPU
		{A14879D0-9256-42A3-AB63-03E764A8AC2D}.Debug|Any CPU.ActiveCfg = Debug|Any CPU
		{A14879D0-9256-42A3-AB63-03E764A8AC2D}.Debug|Any CPU.Build.0 = Debug|Any CPU
		{A14879D0-9256-42A3-AB63-03E764A8AC2D}.Release|Any CPU.ActiveCfg = Release|Any CPU
		{A14879D0-9256-42A3-AB63-03E764A8AC2D}.Release|Any CPU.Build.0 = Release|Any CPU
		{DAA82B29-9C24-406F-8D7F-30DD61A4C2D5}.Debug|Any CPU.ActiveCfg = Debug|Any CPU
		{DAA82B29-9C24-406F-8D7F-30DD61A4C2D5}.Debug|Any CPU.Build.0 = Debug|Any CPU
		{DAA82B29-9C24-406F-8D7F-30DD61A4C2D5}.Release|Any CPU.ActiveCfg = Release|Any CPU
		{DAA82B29-9C24-406F-8D7F-30DD61A4C2D5}.Release|Any CPU.Build.0 = Release|Any CPU
		{4C3FE69E-387E-4C7E-8AD2-86FB1FCD442E}.Debug|Any CPU.ActiveCfg = Debug|Any CPU
		{4C3FE69E-387E-4C7E-8AD2-86FB1FCD442E}.Debug|Any CPU.Build.0 = Debug|Any CPU
		{4C3FE69E-387E-4C7E-8AD2-86FB1FCD442E}.Release|Any CPU.ActiveCfg = Release|Any CPU
		{4C3FE69E-387E-4C7E-8AD2-86FB1FCD442E}.Release|Any CPU.Build.0 = Release|Any CPU
		{5BBDCE80-ED00-4DA4-B4DC-A0A5E2758C6A}.Debug|Any CPU.ActiveCfg = Debug|Any CPU
		{5BBDCE80-ED00-4DA4-B4DC-A0A5E2758C6A}.Debug|Any CPU.Build.0 = Debug|Any CPU
		{5BBDCE80-ED00-4DA4-B4DC-A0A5E2758C6A}.Release|Any CPU.ActiveCfg = Release|Any CPU
		{5BBDCE80-ED00-4DA4-B4DC-A0A5E2758C6A}.Release|Any CPU.Build.0 = Release|Any CPU
	EndGlobalSection
	GlobalSection(SolutionProperties) = preSolution
		HideSolutionNode = FALSE
	EndGlobalSection
	GlobalSection(ExtensibilityGlobals) = postSolution
		SolutionGuid = {1CC06821-A5D0-4504-AFDD-9A36468638FF}
	EndGlobalSection
EndGlobal
